
Microsoft Visual Studio Solution File, Format Version 12.00
# Visual Studio Version 17
VisualStudioVersion = 17.6.33723.286
MinimumVisualStudioVersion = 10.0.40219.1
Project("{FAE04EC0-301F-11D3-BF4B-00C04F79EFBC}") = "Arrays-Recursividad", "Arrays-Recursividad.csproj", "{F4BCBBB2-8959-41C1-A6FC-513B1DB1EC74}"
EndProject
Global
	GlobalSection(SolutionConfigurationPlatforms) = preSolution
		Debug|Any CPU = Debug|Any CPU
		Release|Any CPU = Release|Any CPU
	EndGlobalSection
	GlobalSection(ProjectConfigurationPlatforms) = postSolution
		{F4BCBBB2-8959-41C1-A6FC-513B1DB1EC74}.Debug|Any CPU.ActiveCfg = Debug|Any CPU
		{F4BCBBB2-8959-41C1-A6FC-513B1DB1EC74}.Debug|Any CPU.Build.0 = Debug|Any CPU
		{F4BCBBB2-8959-41C1-A6FC-513B1DB1EC74}.Release|Any CPU.ActiveCfg = Release|Any CPU
		{F4BCBBB2-8959-41C1-A6FC-513B1DB1EC74}.Release|Any CPU.Build.0 = Release|Any CPU
	EndGlobalSection
	GlobalSection(SolutionProperties) = preSolution
		HideSolutionNode = FALSE
	EndGlobalSection
	GlobalSection(ExtensibilityGlobals) = postSolution
		SolutionGuid = {43715434-5484-48A1-8D34-6CB30E3CAEC2}
	EndGlobalSection
EndGlobal
